{
  "version": 4,
  "terraform_version": "1.10.3",
  "serial": 4,
  "lineage": "9abefde5-37a1-382a-3078-4c8640d49ece",
  "outputs": {},
  "resources": [
    {
      "mode": "data",
      "type": "spotify_search_track",
      "name": "ariana_grande",
      "provider": "provider[\"registry.terraform.io/conradludgate/spotify\"]",
      "instances": [
        {
          "schema_version": 0,
          "attributes": {
            "album": null,
            "artist": "Ariana Grande",
            "explicit": true,
            "id": "1736513913",
            "limit": 10,
            "name": null,
            "tracks": [
              {
                "album": "1QRP5lutJodPixU2EWfnD7",
                "artists": [
                  "66CXWjxzNUsdJxJ2JdwvnR",
                  "0hCNtLu0JehylgoiP8L4Gh"
                ],
                "id": "44ONERBHALxftQNWq6dmyd",
                "name": "Side To Side"
              },
              {
                "album": "5mUdh6YWnUvf0MfklEk1oi",
                "artists": [
                  "66CXWjxzNUsdJxJ2JdwvnR",
                  "1uNFoZAHBGtllmzznpCI3s"
                ],
                "id": "4HBZA5flZLE435QTztThqH",
                "name": "Stuck with U (with Justin Bieber)"
              },
              {
                "album": "2fYhqwDWXjbpjaIJPEfKFw",
                "artists": [
                  "66CXWjxzNUsdJxJ2JdwvnR"
                ],
                "id": "6ocbgoVGwYJhOv1GgI9NsF",
                "name": "7 rings"
              },
              {
                "album": "27MNgBEnLCKoafz1g2Zu97",
                "artists": [
                  "66CXWjxzNUsdJxJ2JdwvnR"
                ],
                "id": "0lizgQ7Qw35od7CYaoMBZb",
                "name": "Santa Tell Me"
              },
              {
                "album": "2fYhqwDWXjbpjaIJPEfKFw",
                "artists": [
                  "66CXWjxzNUsdJxJ2JdwvnR"
                ],
                "id": "2hloaUoRonYssMuqLCBLTX",
                "name": "bloodline"
              },
              {
                "album": "3euz4vS7ezKGnNSwgyvKcd",
                "artists": [
                  "66CXWjxzNUsdJxJ2JdwvnR"
                ],
                "id": "35mvY5S1H3J2QZyna3TFe0",
                "name": "positions"
              },
              {
                "album": "5EYKrEDnKhhcNxGedaRQeK",
                "artists": [
                  "66CXWjxzNUsdJxJ2JdwvnR"
                ],
                "id": "0Lmbke3KNVFXtoH2mMSHCw",
                "name": "the boy is mine"
              },
              {
                "album": "4ZyeHIgdujClXSjC2cSqSb",
                "artists": [
                  "1Xyo4u8uXC1ZmMpatF05PJ",
                  "66CXWjxzNUsdJxJ2JdwvnR"
                ],
                "id": "1oFAF1hdPOickyHgbuRjyX",
                "name": "Save Your Tears (Remix) (with Ariana Grande) - Bonus Track"
              },
              {
                "album": "35dut3ICqF3NEDkjxfzJJ1",
                "artists": [
                  "1Xyo4u8uXC1ZmMpatF05PJ",
                  "66CXWjxzNUsdJxJ2JdwvnR"
                ],
                "id": "4W4fNrZYkobj539TOWsLO2",
                "name": "Die For You (with Ariana Grande) - Remix"
              },
              {
                "album": "5EYKrEDnKhhcNxGedaRQeK",
                "artists": [
                  "66CXWjxzNUsdJxJ2JdwvnR"
                ],
                "id": "51ZQ1vr10ffzbwIjDCwqm4",
                "name": "we can't be friends (wait for your love)"
              }
            ],
            "year": null
          },
          "sensitive_attributes": []
        }
      ]
    },
    {
      "mode": "managed",
      "type": "spotify_playlist",
      "name": "ariana_grande",
      "provider": "provider[\"registry.terraform.io/conradludgate/spotify\"]",
      "instances": [
        {
          "schema_version": 0,
          "attributes": {
            "description": null,
            "id": "5rLdjWDagTciiqg8l4WG2S",
            "name": "My Ariana Grande Playlist using Terraform",
            "public": true,
            "snapshot_id": "AAAAAksk4O/Vg+ty8CN7etoRgWSGUig1",
            "tracks": [
              "44ONERBHALxftQNWq6dmyd",
              "4HBZA5flZLE435QTztThqH",
              "6ocbgoVGwYJhOv1GgI9NsF",
              "0lizgQ7Qw35od7CYaoMBZb",
              "2hloaUoRonYssMuqLCBLTX",
              "35mvY5S1H3J2QZyna3TFe0",
              "0Lmbke3KNVFXtoH2mMSHCw",
              "1oFAF1hdPOickyHgbuRjyX",
              "4W4fNrZYkobj539TOWsLO2",
              "51ZQ1vr10ffzbwIjDCwqm4"
            ]
          },
          "sensitive_attributes": [],
          "private": "bnVsbA==",
          "dependencies": [
            "data.spotify_search_track.ariana_grande"
          ]
        }
      ]
    }
  ],
  "check_results": null
}
